
Microsoft Visual Studio Solution File, Format Version 12.00
# Visual Studio Version 17
VisualStudioVersion = 17.4.33213.308
MinimumVisualStudioVersion = 10.0.40219.1
Project("{FAE04EC0-301F-11D3-BF4B-00C04F79EFBC}") = "Z3Parser", "Z3Parser\Z3Parser.csproj", "{7E35E518-2A39-4B66-BF0D-A335EB4BC91A}"
EndProject
Global
	GlobalSection(SolutionConfigurationPlatforms) = preSolution
		Debug|Any CPU = Debug|Any CPU
		Release|Any CPU = Release|Any CPU
	EndGlobalSection
	GlobalSection(ProjectConfigurationPlatforms) = postSolution
		{7E35E518-2A39-4B66-BF0D-A335EB4BC91A}.Debug|Any CPU.ActiveCfg = Debug|Any CPU
		{7E35E518-2A39-4B66-BF0D-A335EB4BC91A}.Debug|Any CPU.Build.0 = Debug|Any CPU
		{7E35E518-2A39-4B66-BF0D-A335EB4BC91A}.Release|Any CPU.ActiveCfg = Release|Any CPU
		{7E35E518-2A39-4B66-BF0D-A335EB4BC91A}.Release|Any CPU.Build.0 = Release|Any CPU
	EndGlobalSection
	GlobalSection(SolutionProperties) = preSolution
		HideSolutionNode = FALSE
	EndGlobalSection
	GlobalSection(ExtensibilityGlobals) = postSolution
		SolutionGuid = {2F3F985D-25A8-43F3-86CB-D73166328D90}
	EndGlobalSection
EndGlobal
